// !$*UTF8*$!
{
	archiveVersion = 1;
	classes = {
	};
	objectVersion = 56;
	objects = {

/* Begin PBXBuildFile section */
		148856F3296DEC2100ECD96D /* afterAnswer.swift in Sources */ = {isa = PBXBuildFile; fileRef = 148856F2296DEC2100ECD96D /* afterAnswer.swift */; };
		148856F5296EC11E00ECD96D /* alif.m4a in Resources */ = {isa = PBXBuildFile; fileRef = 148856F4296EC11E00ECD96D /* alif.m4a */; };
		148856F6296EC11E00ECD96D /* alif.m4a in Resources */ = {isa = PBXBuildFile; fileRef = 148856F4296EC11E00ECD96D /* alif.m4a */; };
		148856F7296EC11E00ECD96D /* alif.m4a in Resources */ = {isa = PBXBuildFile; fileRef = 148856F4296EC11E00ECD96D /* alif.m4a */; };
		148856F9296EC16600ECD96D /* playSound.swift in Sources */ = {isa = PBXBuildFile; fileRef = 148856F8296EC16600ECD96D /* playSound.swift */; };
		148856FA296EC16600ECD96D /* playSound.swift in Sources */ = {isa = PBXBuildFile; fileRef = 148856F8296EC16600ECD96D /* playSound.swift */; };
		148856FB296EC16600ECD96D /* playSound.swift in Sources */ = {isa = PBXBuildFile; fileRef = 148856F8296EC16600ECD96D /* playSound.swift */; };
		148856FD296EC85900ECD96D /* OpenSans-Regular.ttf in Resources */ = {isa = PBXBuildFile; fileRef = 148856FC296EC85900ECD96D /* OpenSans-Regular.ttf */; };
		148856FE296EC85900ECD96D /* OpenSans-Regular.ttf in Resources */ = {isa = PBXBuildFile; fileRef = 148856FC296EC85900ECD96D /* OpenSans-Regular.ttf */; };
		148856FF296EC85900ECD96D /* OpenSans-Regular.ttf in Resources */ = {isa = PBXBuildFile; fileRef = 148856FC296EC85900ECD96D /* OpenSans-Regular.ttf */; };
		14885701296ECA2400ECD96D /* WrongAnswer.swift in Sources */ = {isa = PBXBuildFile; fileRef = 14885700296ECA2400ECD96D /* WrongAnswer.swift */; };
		14885702296ECA2400ECD96D /* WrongAnswer.swift in Sources */ = {isa = PBXBuildFile; fileRef = 14885700296ECA2400ECD96D /* WrongAnswer.swift */; };
		14885703296ECA2400ECD96D /* WrongAnswer.swift in Sources */ = {isa = PBXBuildFile; fileRef = 14885700296ECA2400ECD96D /* WrongAnswer.swift */; };
		14ACD694296AC0DF00625682 /* challenge3App.swift in Sources */ = {isa = PBXBuildFile; fileRef = 14ACD693296AC0DF00625682 /* challenge3App.swift */; };
		14ACD696296AC0DF00625682 /* ContentView.swift in Sources */ = {isa = PBXBuildFile; fileRef = 14ACD695296AC0DF00625682 /* ContentView.swift */; };
		14ACD698296AC0E000625682 /* Assets.xcassets in Resources */ = {isa = PBXBuildFile; fileRef = 14ACD697296AC0E000625682 /* Assets.xcassets */; };
		14ACD69C296AC0E000625682 /* Preview Assets.xcassets in Resources */ = {isa = PBXBuildFile; fileRef = 14ACD69B296AC0E000625682 /* Preview Assets.xcassets */; };
		14ACD6A6296AC0E000625682 /* challenge3Tests.swift in Sources */ = {isa = PBXBuildFile; fileRef = 14ACD6A5296AC0E000625682 /* challenge3Tests.swift */; };
		14ACD6B0296AC0E000625682 /* challenge3UITests.swift in Sources */ = {isa = PBXBuildFile; fileRef = 14ACD6AF296AC0E000625682 /* challenge3UITests.swift */; };
		14ACD6B2296AC0E000625682 /* challenge3UITestsLaunchTests.swift in Sources */ = {isa = PBXBuildFile; fileRef = 14ACD6B1296AC0E000625682 /* challenge3UITestsLaunchTests.swift */; };
		14ACD6C2296C150700625682 /* Localizable.strings in Resources */ = {isa = PBXBuildFile; fileRef = 14ACD6C4296C150700625682 /* Localizable.strings */; };
		14ACD6C7296C1ECB00625682 /* choseP.swift in Sources */ = {isa = PBXBuildFile; fileRef = 14ACD6C6296C1ECB00625682 /* choseP.swift */; };
		14ACD6C9296C2D0B00625682 /* letter.swift in Sources */ = {isa = PBXBuildFile; fileRef = 14ACD6C8296C2D0B00625682 /* letter.swift */; };
		14ACD6CB296C36E300625682 /* SwiftUIView.swift in Sources */ = {isa = PBXBuildFile; fileRef = 14ACD6CA296C36E300625682 /* SwiftUIView.swift */; };
		14ACD6CD296C397B00625682 /* sun.swift in Sources */ = {isa = PBXBuildFile; fileRef = 14ACD6CC296C397B00625682 /* sun.swift */; };
		14ACD6D0296C3EEA00625682 /* SwiftUIMargin in Frameworks */ = {isa = PBXBuildFile; productRef = 14ACD6CF296C3EEA00625682 /* SwiftUIMargin */; };
		14ACD6D2296DC9D300625682 /* inputtext.swift in Sources */ = {isa = PBXBuildFile; fileRef = 14ACD6D1296DC9D300625682 /* inputtext.swift */; };
		14F2A1EF296EE1C0000C6388 /* baa.m4a in Resources */ = {isa = PBXBuildFile; fileRef = 14F2A1ED296EE1C0000C6388 /* baa.m4a */; };
		14F2A1F0296EE1C0000C6388 /* baa.m4a in Resources */ = {isa = PBXBuildFile; fileRef = 14F2A1ED296EE1C0000C6388 /* baa.m4a */; };
		14F2A1F1296EE1C0000C6388 /* baa.m4a in Resources */ = {isa = PBXBuildFile; fileRef = 14F2A1ED296EE1C0000C6388 /* baa.m4a */; };
		14F2A1F2296EE1C0000C6388 /* jeem.m4a in Resources */ = {isa = PBXBuildFile; fileRef = 14F2A1EE296EE1C0000C6388 /* jeem.m4a */; };
		14F2A1F3296EE1C0000C6388 /* jeem.m4a in Resources */ = {isa = PBXBuildFile; fileRef = 14F2A1EE296EE1C0000C6388 /* jeem.m4a */; };
		14F2A1F4296EE1C0000C6388 /* jeem.m4a in Resources */ = {isa = PBXBuildFile; fileRef = 14F2A1EE296EE1C0000C6388 /* jeem.m4a */; };
		14F2A1F729701AC5000C6388 /* lettersList.swift in Sources */ = {isa = PBXBuildFile; fileRef = 14F2A1F629701AC5000C6388 /* lettersList.swift */; };
		14F2A1F829701AC5000C6388 /* lettersList.swift in Sources */ = {isa = PBXBuildFile; fileRef = 14F2A1F629701AC5000C6388 /* lettersList.swift */; };
		14F2A1F929701AC5000C6388 /* lettersList.swift in Sources */ = {isa = PBXBuildFile; fileRef = 14F2A1F629701AC5000C6388 /* lettersList.swift */; };
		14F2A1FB297033DF000C6388 /* Sun sound.m4a in Resources */ = {isa = PBXBuildFile; fileRef = 14F2A1FA297033DF000C6388 /* Sun sound.m4a */; };
		14F2A1FC297033DF000C6388 /* Sun sound.m4a in Resources */ = {isa = PBXBuildFile; fileRef = 14F2A1FA297033DF000C6388 /* Sun sound.m4a */; };
		14F2A1FD297033DF000C6388 /* Sun sound.m4a in Resources */ = {isa = PBXBuildFile; fileRef = 14F2A1FA297033DF000C6388 /* Sun sound.m4a */; };
/* End PBXBuildFile section */

/* Begin PBXContainerItemProxy section */
		14ACD6A2296AC0E000625682 /* PBXContainerItemProxy */ = {
			isa = PBXContainerItemProxy;
			containerPortal = 14ACD688296AC0DF00625682 /* Project object */;
			proxyType = 1;
			remoteGlobalIDString = 14ACD68F296AC0DF00625682;
			remoteInfo = challenge3;
		};
		14ACD6AC296AC0E000625682 /* PBXContainerItemProxy */ = {
			isa = PBXContainerItemProxy;
			containerPortal = 14ACD688296AC0DF00625682 /* Project object */;
			proxyType = 1;
			remoteGlobalIDString = 14ACD68F296AC0DF00625682;
			remoteInfo = challenge3;
		};
/* End PBXContainerItemProxy section */

/* Begin PBXFileReference section */
		1403AF0E2970414100E2650F /* en */ = {isa = PBXFileReference; lastKnownFileType = text.plist.strings; name = en; path = en.lproj/Localizable.strings; sourceTree = "<group>"; };
		148856F2296DEC2100ECD96D /* afterAnswer.swift */ = {isa = PBXFileReference; lastKnownFileType = sourcecode.swift; path = afterAnswer.swift; sourceTree = "<group>"; };
		148856F4296EC11E00ECD96D /* alif.m4a */ = {isa = PBXFileReference; lastKnownFileType = file; path = alif.m4a; sourceTree = "<group>"; };
		148856F8296EC16600ECD96D /* playSound.swift */ = {isa = PBXFileReference; lastKnownFileType = sourcecode.swift; path = playSound.swift; sourceTree = "<group>"; };
		148856FC296EC85900ECD96D /* OpenSans-Regular.ttf */ = {isa = PBXFileReference; lastKnownFileType = file; path = "OpenSans-Regular.ttf"; sourceTree = "<group>"; };
		14885700296ECA2400ECD96D /* WrongAnswer.swift */ = {isa = PBXFileReference; lastKnownFileType = sourcecode.swift; path = WrongAnswer.swift; sourceTree = "<group>"; };
		14ACD690296AC0DF00625682 /* challenge3.app */ = {isa = PBXFileReference; explicitFileType = wrapper.application; includeInIndex = 0; path = challenge3.app; sourceTree = BUILT_PRODUCTS_DIR; };
		14ACD693296AC0DF00625682 /* challenge3App.swift */ = {isa = PBXFileReference; lastKnownFileType = sourcecode.swift; path = challenge3App.swift; sourceTree = "<group>"; };
		14ACD695296AC0DF00625682 /* ContentView.swift */ = {isa = PBXFileReference; lastKnownFileType = sourcecode.swift; path = ContentView.swift; sourceTree = "<group>"; };
		14ACD697296AC0E000625682 /* Assets.xcassets */ = {isa = PBXFileReference; lastKnownFileType = folder.assetcatalog; path = Assets.xcassets; sourceTree = "<group>"; };
		14ACD699296AC0E000625682 /* challenge3.entitlements */ = {isa = PBXFileReference; lastKnownFileType = text.plist.entitlements; path = challenge3.entitlements; sourceTree = "<group>"; };
		14ACD69B296AC0E000625682 /* Preview Assets.xcassets */ = {isa = PBXFileReference; lastKnownFileType = folder.assetcatalog; path = "Preview Assets.xcassets"; sourceTree = "<group>"; };
		14ACD6A1296AC0E000625682 /* challenge3Tests.xctest */ = {isa = PBXFileReference; explicitFileType = wrapper.cfbundle; includeInIndex = 0; path = challenge3Tests.xctest; sourceTree = BUILT_PRODUCTS_DIR; };
		14ACD6A5296AC0E000625682 /* challenge3Tests.swift */ = {isa = PBXFileReference; lastKnownFileType = sourcecode.swift; path = challenge3Tests.swift; sourceTree = "<group>"; };
		14ACD6AB296AC0E000625682 /* challenge3UITests.xctest */ = {isa = PBXFileReference; explicitFileType = wrapper.cfbundle; includeInIndex = 0; path = challenge3UITests.xctest; sourceTree = BUILT_PRODUCTS_DIR; };
		14ACD6AF296AC0E000625682 /* challenge3UITests.swift */ = {isa = PBXFileReference; lastKnownFileType = sourcecode.swift; path = challenge3UITests.swift; sourceTree = "<group>"; };
		14ACD6B1296AC0E000625682 /* challenge3UITestsLaunchTests.swift */ = {isa = PBXFileReference; lastKnownFileType = sourcecode.swift; path = challenge3UITestsLaunchTests.swift; sourceTree = "<group>"; };
		14ACD6C3296C150700625682 /* ar */ = {isa = PBXFileReference; lastKnownFileType = text.plist.strings; name = ar; path = ar.lproj/Localizable.strings; sourceTree = "<group>"; };
		14ACD6C6296C1ECB00625682 /* choseP.swift */ = {isa = PBXFileReference; lastKnownFileType = sourcecode.swift; path = choseP.swift; sourceTree = "<group>"; };
		14ACD6C8296C2D0B00625682 /* letter.swift */ = {isa = PBXFileReference; lastKnownFileType = sourcecode.swift; path = letter.swift; sourceTree = "<group>"; };
		14ACD6CA296C36E300625682 /* SwiftUIView.swift */ = {isa = PBXFileReference; lastKnownFileType = sourcecode.swift; path = SwiftUIView.swift; sourceTree = "<group>"; };
		14ACD6CC296C397B00625682 /* sun.swift */ = {isa = PBXFileReference; lastKnownFileType = sourcecode.swift; path = sun.swift; sourceTree = "<group>"; };
		14ACD6D1296DC9D300625682 /* inputtext.swift */ = {isa = PBXFileReference; lastKnownFileType = sourcecode.swift; path = inputtext.swift; sourceTree = "<group>"; };
		14F2A1ED296EE1C0000C6388 /* baa.m4a */ = {isa = PBXFileReference; lastKnownFileType = file; path = baa.m4a; sourceTree = "<group>"; };
		14F2A1EE296EE1C0000C6388 /* jeem.m4a */ = {isa = PBXFileReference; lastKnownFileType = file; path = jeem.m4a; sourceTree = "<group>"; };
		14F2A1F629701AC5000C6388 /* lettersList.swift */ = {isa = PBXFileReference; lastKnownFileType = sourcecode.swift; path = lettersList.swift; sourceTree = "<group>"; };
		14F2A1FA297033DF000C6388 /* Sun sound.m4a */ = {isa = PBXFileReference; lastKnownFileType = file; path = "Sun sound.m4a"; sourceTree = "<group>"; };
/* End PBXFileReference section */

/* Begin PBXFrameworksBuildPhase section */
		14ACD68D296AC0DF00625682 /* Frameworks */ = {
			isa = PBXFrameworksBuildPhase;
			buildActionMask = 2147483647;
			files = (
				14ACD6D0296C3EEA00625682 /* SwiftUIMargin in Frameworks */,
			);
			runOnlyForDeploymentPostprocessing = 0;
		};
		14ACD69E296AC0E000625682 /* Frameworks */ = {
			isa = PBXFrameworksBuildPhase;
			buildActionMask = 2147483647;
			files = (
			);
			runOnlyForDeploymentPostprocessing = 0;
		};
		14ACD6A8296AC0E000625682 /* Frameworks */ = {
			isa = PBXFrameworksBuildPhase;
			buildActionMask = 2147483647;
			files = (
			);
			runOnlyForDeploymentPostprocessing = 0;
		};
/* End PBXFrameworksBuildPhase section */

/* Begin PBXGroup section */
		14ACD687296AC0DF00625682 = {
			isa = PBXGroup;
			children = (
				14ACD6C4296C150700625682 /* Localizable.strings */,
				14ACD692296AC0DF00625682 /* challenge3 */,
				14ACD6A4296AC0E000625682 /* challenge3Tests */,
				14ACD6AE296AC0E000625682 /* challenge3UITests */,
				14ACD691296AC0DF00625682 /* Products */,
			);
			sourceTree = "<group>";
		};
		14ACD691296AC0DF00625682 /* Products */ = {
			isa = PBXGroup;
			children = (
				14ACD690296AC0DF00625682 /* challenge3.app */,
				14ACD6A1296AC0E000625682 /* challenge3Tests.xctest */,
				14ACD6AB296AC0E000625682 /* challenge3UITests.xctest */,
			);
			name = Products;
			sourceTree = "<group>";
		};
		14ACD692296AC0DF00625682 /* challenge3 */ = {
			isa = PBXGroup;
			children = (
				14F2A1F5296EE1DC000C6388 /* Sounds */,
				148856FC296EC85900ECD96D /* OpenSans-Regular.ttf */,
				14ACD697296AC0E000625682 /* Assets.xcassets */,
				14ACD693296AC0DF00625682 /* challenge3App.swift */,
				14ACD695296AC0DF00625682 /* ContentView.swift */,
				14ACD6C8296C2D0B00625682 /* letter.swift */,
				148856F2296DEC2100ECD96D /* afterAnswer.swift */,
				14885700296ECA2400ECD96D /* WrongAnswer.swift */,
				148856F8296EC16600ECD96D /* playSound.swift */,
				14ACD6C6296C1ECB00625682 /* choseP.swift */,
				14ACD6CA296C36E300625682 /* SwiftUIView.swift */,
				14ACD6CC296C397B00625682 /* sun.swift */,
				14ACD6D1296DC9D300625682 /* inputtext.swift */,
				14F2A1F629701AC5000C6388 /* lettersList.swift */,
				14ACD699296AC0E000625682 /* challenge3.entitlements */,
				14ACD69A296AC0E000625682 /* Preview Content */,
			);
			path = challenge3;
			sourceTree = "<group>";
		};
		14ACD69A296AC0E000625682 /* Preview Content */ = {
			isa = PBXGroup;
			children = (
				14ACD69B296AC0E000625682 /* Preview Assets.xcassets */,
			);
			path = "Preview Content";
			sourceTree = "<group>";
		};
		14ACD6A4296AC0E000625682 /* challenge3Tests */ = {
			isa = PBXGroup;
			children = (
				14ACD6A5296AC0E000625682 /* challenge3Tests.swift */,
			);
			path = challenge3Tests;
			sourceTree = "<group>";
		};
		14ACD6AE296AC0E000625682 /* challenge3UITests */ = {
			isa = PBXGroup;
			children = (
				14ACD6AF296AC0E000625682 /* challenge3UITests.swift */,
				14ACD6B1296AC0E000625682 /* challenge3UITestsLaunchTests.swift */,
			);
			path = challenge3UITests;
			sourceTree = "<group>";
		};
		14F2A1F5296EE1DC000C6388 /* Sounds */ = {
			isa = PBXGroup;
			children = (
				14F2A1FA297033DF000C6388 /* Sun sound.m4a */,
				14F2A1ED296EE1C0000C6388 /* baa.m4a */,
				14F2A1EE296EE1C0000C6388 /* jeem.m4a */,
				148856F4296EC11E00ECD96D /* alif.m4a */,
			);
			path = Sounds;
			sourceTree = "<group>";
		};
/* End PBXGroup section */

/* Begin PBXNativeTarget section */
		14ACD68F296AC0DF00625682 /* challenge3 */ = {
			isa = PBXNativeTarget;
			buildConfigurationList = 14ACD6B5296AC0E000625682 /* Build configuration list for PBXNativeTarget "challenge3" */;
			buildPhases = (
				14ACD68C296AC0DF00625682 /* Sources */,
				14ACD68D296AC0DF00625682 /* Frameworks */,
				14ACD68E296AC0DF00625682 /* Resources */,
			);
			buildRules = (
			);
			dependencies = (
			);
			name = challenge3;
			packageProductDependencies = (
				14ACD6CF296C3EEA00625682 /* SwiftUIMargin */,
			);
			productName = challenge3;
			productReference = 14ACD690296AC0DF00625682 /* challenge3.app */;
			productType = "com.apple.product-type.application";
		};
		14ACD6A0296AC0E000625682 /* challenge3Tests */ = {
			isa = PBXNativeTarget;
			buildConfigurationList = 14ACD6B8296AC0E000625682 /* Build configuration list for PBXNativeTarget "challenge3Tests" */;
			buildPhases = (
				14ACD69D296AC0E000625682 /* Sources */,
				14ACD69E296AC0E000625682 /* Frameworks */,
				14ACD69F296AC0E000625682 /* Resources */,
			);
			buildRules = (
			);
			dependencies = (
				14ACD6A3296AC0E000625682 /* PBXTargetDependency */,
			);
			name = challenge3Tests;
			productName = challenge3Tests;
			productReference = 14ACD6A1296AC0E000625682 /* challenge3Tests.xctest */;
			productType = "com.apple.product-type.bundle.unit-test";
		};
		14ACD6AA296AC0E000625682 /* challenge3UITests */ = {
			isa = PBXNativeTarget;
			buildConfigurationList = 14ACD6BB296AC0E000625682 /* Build configuration list for PBXNativeTarget "challenge3UITests" */;
			buildPhases = (
				14ACD6A7296AC0E000625682 /* Sources */,
				14ACD6A8296AC0E000625682 /* Frameworks */,
				14ACD6A9296AC0E000625682 /* Resources */,
			);
			buildRules = (
			);
			dependencies = (
				14ACD6AD296AC0E000625682 /* PBXTargetDependency */,
			);
			name = challenge3UITests;
			productName = challenge3UITests;
			productReference = 14ACD6AB296AC0E000625682 /* challenge3UITests.xctest */;
			productType = "com.apple.product-type.bundle.ui-testing";
		};
/* End PBXNativeTarget section */

/* Begin PBXProject section */
		14ACD688296AC0DF00625682 /* Project object */ = {
			isa = PBXProject;
			attributes = {
				BuildIndependentTargetsInParallel = 1;
				LastSwiftUpdateCheck = 1400;
				LastUpgradeCheck = 1400;
				TargetAttributes = {
					14ACD68F296AC0DF00625682 = {
						CreatedOnToolsVersion = 14.0.1;
					};
					14ACD6A0296AC0E000625682 = {
						CreatedOnToolsVersion = 14.0.1;
						TestTargetID = 14ACD68F296AC0DF00625682;
					};
					14ACD6AA296AC0E000625682 = {
						CreatedOnToolsVersion = 14.0.1;
						TestTargetID = 14ACD68F296AC0DF00625682;
					};
				};
			};
			buildConfigurationList = 14ACD68B296AC0DF00625682 /* Build configuration list for PBXProject "challenge3" */;
			compatibilityVersion = "Xcode 14.0";
			developmentRegion = en;
			hasScannedForEncodings = 0;
			knownRegions = (
				en,
				Base,
				ar,
			);
			mainGroup = 14ACD687296AC0DF00625682;
			packageReferences = (
				14ACD6CE296C3EEA00625682 /* XCRemoteSwiftPackageReference "SwiftUIMargin" */,
			);
			productRefGroup = 14ACD691296AC0DF00625682 /* Products */;
			projectDirPath = "";
			projectRoot = "";
			targets = (
				14ACD68F296AC0DF00625682 /* challenge3 */,
				14ACD6A0296AC0E000625682 /* challenge3Tests */,
				14ACD6AA296AC0E000625682 /* challenge3UITests */,
			);
		};
/* End PBXProject section */

/* Begin PBXResourcesBuildPhase section */
		14ACD68E296AC0DF00625682 /* Resources */ = {
			isa = PBXResourcesBuildPhase;
			buildActionMask = 2147483647;
			files = (
				14F2A1F2296EE1C0000C6388 /* jeem.m4a in Resources */,
				148856FD296EC85900ECD96D /* OpenSans-Regular.ttf in Resources */,
				148856F5296EC11E00ECD96D /* alif.m4a in Resources */,
				14ACD69C296AC0E000625682 /* Preview Assets.xcassets in Resources */,
				14F2A1FB297033DF000C6388 /* Sun sound.m4a in Resources */,
				14F2A1EF296EE1C0000C6388 /* baa.m4a in Resources */,
				14ACD6C2296C150700625682 /* Localizable.strings in Resources */,
				14ACD698296AC0E000625682 /* Assets.xcassets in Resources */,
			);
			runOnlyForDeploymentPostprocessing = 0;
		};
		14ACD69F296AC0E000625682 /* Resources */ = {
			isa = PBXResourcesBuildPhase;
			buildActionMask = 2147483647;
			files = (
				14F2A1FC297033DF000C6388 /* Sun sound.m4a in Resources */,
				14F2A1F0296EE1C0000C6388 /* baa.m4a in Resources */,
				14F2A1F3296EE1C0000C6388 /* jeem.m4a in Resources */,
				148856FE296EC85900ECD96D /* OpenSans-Regular.ttf in Resources */,
				148856F6296EC11E00ECD96D /* alif.m4a in Resources */,
			);
			runOnlyForDeploymentPostprocessing = 0;
		};
		14ACD6A9296AC0E000625682 /* Resources */ = {
			isa = PBXResourcesBuildPhase;
			buildActionMask = 2147483647;
			files = (
				14F2A1FD297033DF000C6388 /* Sun sound.m4a in Resources */,
				14F2A1F1296EE1C0000C6388 /* baa.m4a in Resources */,
				14F2A1F4296EE1C0000C6388 /* jeem.m4a in Resources */,
				148856FF296EC85900ECD96D /* OpenSans-Regular.ttf in Resources */,
				148856F7296EC11E00ECD96D /* alif.m4a in Resources */,
			);
			runOnlyForDeploymentPostprocessing = 0;
		};
/* End PBXResourcesBuildPhase section */

/* Begin PBXSourcesBuildPhase section */
		14ACD68C296AC0DF00625682 /* Sources */ = {
			isa = PBXSourcesBuildPhase;
			buildActionMask = 2147483647;
			files = (
				14885701296ECA2400ECD96D /* WrongAnswer.swift in Sources */,
				14ACD6C7296C1ECB00625682 /* choseP.swift in Sources */,
				14ACD6CB296C36E300625682 /* SwiftUIView.swift in Sources */,
				148856F9296EC16600ECD96D /* playSound.swift in Sources */,
				14ACD696296AC0DF00625682 /* ContentView.swift in Sources */,
				14ACD6C9296C2D0B00625682 /* letter.swift in Sources */,
				14ACD694296AC0DF00625682 /* challenge3App.swift in Sources */,
				14ACD6CD296C397B00625682 /* sun.swift in Sources */,
				14ACD6D2296DC9D300625682 /* inputtext.swift in Sources */,
				148856F3296DEC2100ECD96D /* afterAnswer.swift in Sources */,
				14F2A1F729701AC5000C6388 /* lettersList.swift in Sources */,
			);
			runOnlyForDeploymentPostprocessing = 0;
		};
		14ACD69D296AC0E000625682 /* Sources */ = {
			isa = PBXSourcesBuildPhase;
			buildActionMask = 2147483647;
			files = (
				14ACD6A6296AC0E000625682 /* challenge3Tests.swift in Sources */,
				148856FA296EC16600ECD96D /* playSound.swift in Sources */,
				14885702296ECA2400ECD96D /* WrongAnswer.swift in Sources */,
				14F2A1F829701AC5000C6388 /* lettersList.swift in Sources */,
			);
			runOnlyForDeploymentPostprocessing = 0;
		};
		14ACD6A7296AC0E000625682 /* Sources */ = {
			isa = PBXSourcesBuildPhase;
			buildActionMask = 2147483647;
			files = (
				14ACD6B2296AC0E000625682 /* challenge3UITestsLaunchTests.swift in Sources */,
				14885703296ECA2400ECD96D /* WrongAnswer.swift in Sources */,
				14F2A1F929701AC5000C6388 /* lettersList.swift in Sources */,
				148856FB296EC16600ECD96D /* playSound.swift in Sources */,
				14ACD6B0296AC0E000625682 /* challenge3UITests.swift in Sources */,
			);
			runOnlyForDeploymentPostprocessing = 0;
		};
/* End PBXSourcesBuildPhase section */

/* Begin PBXTargetDependency section */
		14ACD6A3296AC0E000625682 /* PBXTargetDependency */ = {
			isa = PBXTargetDependency;
			target = 14ACD68F296AC0DF00625682 /* challenge3 */;
			targetProxy = 14ACD6A2296AC0E000625682 /* PBXContainerItemProxy */;
		};
		14ACD6AD296AC0E000625682 /* PBXTargetDependency */ = {
			isa = PBXTargetDependency;
			target = 14ACD68F296AC0DF00625682 /* challenge3 */;
			targetProxy = 14ACD6AC296AC0E000625682 /* PBXContainerItemProxy */;
		};
/* End PBXTargetDependency section */

/* Begin PBXVariantGroup section */
		14ACD6C4296C150700625682 /* Localizable.strings */ = {
			isa = PBXVariantGroup;
			children = (
				14ACD6C3296C150700625682 /* ar */,
				1403AF0E2970414100E2650F /* en */,
			);
			name = Localizable.strings;
			sourceTree = "<group>";
		};
/* End PBXVariantGroup section */

/* Begin XCBuildConfiguration section */
		14ACD6B3296AC0E000625682 /* Debug */ = {
			isa = XCBuildConfiguration;
			buildSettings = {
				ALWAYS_SEARCH_USER_PATHS = NO;
				CLANG_ANALYZER_NONNULL = YES;
				CLANG_ANALYZER_NUMBER_OBJECT_CONVERSION = YES_AGGRESSIVE;
				CLANG_CXX_LANGUAGE_STANDARD = "gnu++20";
				CLANG_ENABLE_MODULES = YES;
				CLANG_ENABLE_OBJC_ARC = YES;
				CLANG_ENABLE_OBJC_WEAK = YES;
				CLANG_WARN_BLOCK_CAPTURE_AUTORELEASING = YES;
				CLANG_WARN_BOOL_CONVERSION = YES;
				CLANG_WARN_COMMA = YES;
				CLANG_WARN_CONSTANT_CONVERSION = YES;
				CLANG_WARN_DEPRECATED_OBJC_IMPLEMENTATIONS = YES;
				CLANG_WARN_DIRECT_OBJC_ISA_USAGE = YES_ERROR;
				CLANG_WARN_DOCUMENTATION_COMMENTS = YES;
				CLANG_WARN_EMPTY_BODY = YES;
				CLANG_WARN_ENUM_CONVERSION = YES;
				CLANG_WARN_INFINITE_RECURSION = YES;
				CLANG_WARN_INT_CONVERSION = YES;
				CLANG_WARN_NON_LITERAL_NULL_CONVERSION = YES;
				CLANG_WARN_OBJC_IMPLICIT_RETAIN_SELF = YES;
				CLANG_WARN_OBJC_LITERAL_CONVERSION = YES;
				CLANG_WARN_OBJC_ROOT_CLASS = YES_ERROR;
				CLANG_WARN_QUOTED_INCLUDE_IN_FRAMEWORK_HEADER = YES;
				CLANG_WARN_RANGE_LOOP_ANALYSIS = YES;
				CLANG_WARN_STRICT_PROTOTYPES = YES;
				CLANG_WARN_SUSPICIOUS_MOVE = YES;
				CLANG_WARN_UNGUARDED_AVAILABILITY = YES_AGGRESSIVE;
				CLANG_WARN_UNREACHABLE_CODE = YES;
				CLANG_WARN__DUPLICATE_METHOD_MATCH = YES;
				COPY_PHASE_STRIP = NO;
				DEBUG_INFORMATION_FORMAT = dwarf;
				ENABLE_STRICT_OBJC_MSGSEND = YES;
				ENABLE_TESTABILITY = YES;
				GCC_C_LANGUAGE_STANDARD = gnu11;
				GCC_DYNAMIC_NO_PIC = NO;
				GCC_NO_COMMON_BLOCKS = YES;
				GCC_OPTIMIZATION_LEVEL = 0;
				GCC_PREPROCESSOR_DEFINITIONS = (
					"DEBUG=1",
					"$(inherited)",
				);
				GCC_WARN_64_TO_32_BIT_CONVERSION = YES;
				GCC_WARN_ABOUT_RETURN_TYPE = YES_ERROR;
				GCC_WARN_UNDECLARED_SELECTOR = YES;
				GCC_WARN_UNINITIALIZED_AUTOS = YES_AGGRESSIVE;
				GCC_WARN_UNUSED_FUNCTION = YES;
				GCC_WARN_UNUSED_VARIABLE = YES;
				MTL_ENABLE_DEBUG_INFO = INCLUDE_SOURCE;
				MTL_FAST_MATH = YES;
				ONLY_ACTIVE_ARCH = YES;
				SWIFT_ACTIVE_COMPILATION_CONDITIONS = DEBUG;
				SWIFT_OPTIMIZATION_LEVEL = "-Onone";
			};
			name = Debug;
		};
		14ACD6B4296AC0E000625682 /* Release */ = {
			isa = XCBuildConfiguration;
			buildSettings = {
				ALWAYS_SEARCH_USER_PATHS = NO;
				CLANG_ANALYZER_NONNULL = YES;
				CLANG_ANALYZER_NUMBER_OBJECT_CONVERSION = YES_AGGRESSIVE;
				CLANG_CXX_LANGUAGE_STANDARD = "gnu++20";
				CLANG_ENABLE_MODULES = YES;
				CLANG_ENABLE_OBJC_ARC = YES;
				CLANG_ENABLE_OBJC_WEAK = YES;
				CLANG_WARN_BLOCK_CAPTURE_AUTORELEASING = YES;
				CLANG_WARN_BOOL_CONVERSION = YES;
				CLANG_WARN_COMMA = YES;
				CLANG_WARN_CONSTANT_CONVERSION = YES;
				CLANG_WARN_DEPRECATED_OBJC_IMPLEMENTATIONS = YES;
				CLANG_WARN_DIRECT_OBJC_ISA_USAGE = YES_ERROR;
				CLANG_WARN_DOCUMENTATION_COMMENTS = YES;
				CLANG_WARN_EMPTY_BODY = YES;
				CLANG_WARN_ENUM_CONVERSION = YES;
				CLANG_WARN_INFINITE_RECURSION = YES;
				CLANG_WARN_INT_CONVERSION = YES;
				CLANG_WARN_NON_LITERAL_NULL_CONVERSION = YES;
				CLANG_WARN_OBJC_IMPLICIT_RETAIN_SELF = YES;
				CLANG_WARN_OBJC_LITERAL_CONVERSION = YES;
				CLANG_WARN_OBJC_ROOT_CLASS = YES_ERROR;
				CLANG_WARN_QUOTED_INCLUDE_IN_FRAMEWORK_HEADER = YES;
				CLANG_WARN_RANGE_LOOP_ANALYSIS = YES;
				CLANG_WARN_STRICT_PROTOTYPES = YES;
				CLANG_WARN_SUSPICIOUS_MOVE = YES;
				CLANG_WARN_UNGUARDED_AVAILABILITY = YES_AGGRESSIVE;
				CLANG_WARN_UNREACHABLE_CODE = YES;
				CLANG_WARN__DUPLICATE_METHOD_MATCH = YES;
				COPY_PHASE_STRIP = NO;
				DEBUG_INFORMATION_FORMAT = "dwarf-with-dsym";
				ENABLE_NS_ASSERTIONS = NO;
				ENABLE_STRICT_OBJC_MSGSEND = YES;
				GCC_C_LANGUAGE_STANDARD = gnu11;
				GCC_NO_COMMON_BLOCKS = YES;
				GCC_WARN_64_TO_32_BIT_CONVERSION = YES;
				GCC_WARN_ABOUT_RETURN_TYPE = YES_ERROR;
				GCC_WARN_UNDECLARED_SELECTOR = YES;
				GCC_WARN_UNINITIALIZED_AUTOS = YES_AGGRESSIVE;
				GCC_WARN_UNUSED_FUNCTION = YES;
				GCC_WARN_UNUSED_VARIABLE = YES;
				MTL_ENABLE_DEBUG_INFO = NO;
				MTL_FAST_MATH = YES;
				SWIFT_COMPILATION_MODE = wholemodule;
				SWIFT_OPTIMIZATION_LEVEL = "-O";
			};
			name = Release;
		};
		14ACD6B6296AC0E000625682 /* Debug */ = {
			isa = XCBuildConfiguration;
			buildSettings = {
				ASSETCATALOG_COMPILER_APPICON_NAME = AppIcon;
				ASSETCATALOG_COMPILER_GLOBAL_ACCENT_COLOR_NAME = AccentColor;
				CODE_SIGN_ENTITLEMENTS = challenge3/challenge3.entitlements;
				CODE_SIGN_STYLE = Automatic;
				CURRENT_PROJECT_VERSION = 1;
				DEVELOPMENT_ASSET_PATHS = "\"challenge3/Preview Content\"";
				DEVELOPMENT_TEAM = L865KSWK74;
				ENABLE_PREVIEWS = YES;
				GENERATE_INFOPLIST_FILE = YES;
				"INFOPLIST_KEY_UIApplicationSceneManifest_Generation[sdk=iphoneos*]" = YES;
				"INFOPLIST_KEY_UIApplicationSceneManifest_Generation[sdk=iphonesimulator*]" = YES;
				"INFOPLIST_KEY_UIApplicationSupportsIndirectInputEvents[sdk=iphoneos*]" = YES;
				"INFOPLIST_KEY_UIApplicationSupportsIndirectInputEvents[sdk=iphonesimulator*]" = YES;
				"INFOPLIST_KEY_UILaunchScreen_Generation[sdk=iphoneos*]" = YES;
				"INFOPLIST_KEY_UILaunchScreen_Generation[sdk=iphonesimulator*]" = YES;
				"INFOPLIST_KEY_UIStatusBarStyle[sdk=iphoneos*]" = UIStatusBarStyleDefault;
				"INFOPLIST_KEY_UIStatusBarStyle[sdk=iphonesimulator*]" = UIStatusBarStyleDefault;
				INFOPLIST_KEY_UISupportedInterfaceOrientations_iPad = "UIInterfaceOrientationPortrait UIInterfaceOrientationPortraitUpsideDown UIInterfaceOrientationLandscapeLeft UIInterfaceOrientationLandscapeRight";
				INFOPLIST_KEY_UISupportedInterfaceOrientations_iPhone = "UIInterfaceOrientationPortrait UIInterfaceOrientationLandscapeLeft UIInterfaceOrientationLandscapeRight";
				IPHONEOS_DEPLOYMENT_TARGET = 16.0;
				LD_RUNPATH_SEARCH_PATHS = "@executable_path/Frameworks";
				"LD_RUNPATH_SEARCH_PATHS[sdk=macosx*]" = "@executable_path/../Frameworks";
				MACOSX_DEPLOYMENT_TARGET = 12.3;
				MARKETING_VERSION = 1.0;
				PRODUCT_BUNDLE_IDENTIFIER = p2.challenge3;
				PRODUCT_NAME = "$(TARGET_NAME)";
				SDKROOT = auto;
				SUPPORTED_PLATFORMS = "iphoneos iphonesimulator macosx";
				SWIFT_EMIT_LOC_STRINGS = YES;
				SWIFT_VERSION = 5.0;
				TARGETED_DEVICE_FAMILY = "1,2";
			};
			name = Debug;
		};
		14ACD6B7296AC0E000625682 /* Release */ = {
			isa = XCBuildConfiguration;
			buildSettings = {
				ASSETCATALOG_COMPILER_APPICON_NAME = AppIcon;
				ASSETCATALOG_COMPILER_GLOBAL_ACCENT_COLOR_NAME = AccentColor;
				CODE_SIGN_ENTITLEMENTS = challenge3/challenge3.entitlements;
				CODE_SIGN_STYLE = Automatic;
				CURRENT_PROJECT_VERSION = 1;
				DEVELOPMENT_ASSET_PATHS = "\"challenge3/Preview Content\"";
				DEVELOPMENT_TEAM = L865KSWK74;
				ENABLE_PREVIEWS = YES;
				GENERATE_INFOPLIST_FILE = YES;
				"INFOPLIST_KEY_UIApplicationSceneManifest_Generation[sdk=iphoneos*]" = YES;
				"INFOPLIST_KEY_UIApplicationSceneManifest_Generation[sdk=iphonesimulator*]" = YES;
				"INFOPLIST_KEY_UIApplicationSupportsIndirectInputEvents[sdk=iphoneos*]" = YES;
				"INFOPLIST_KEY_UIApplicationSupportsIndirectInputEvents[sdk=iphonesimulator*]" = YES;
				"INFOPLIST_KEY_UILaunchScreen_Generation[sdk=iphoneos*]" = YES;
				"INFOPLIST_KEY_UILaunchScreen_Generation[sdk=iphonesimulator*]" = YES;
				"INFOPLIST_KEY_UIStatusBarStyle[sdk=iphoneos*]" = UIStatusBarStyleDefault;
				"INFOPLIST_KEY_UIStatusBarStyle[sdk=iphonesimulator*]" = UIStatusBarStyleDefault;
				INFOPLIST_KEY_UISupportedInterfaceOrientations_iPad = "UIInterfaceOrientationPortrait UIInterfaceOrientationPortraitUpsideDown UIInterfaceOrientationLandscapeLeft UIInterfaceOrientationLandscapeRight";
				INFOPLIST_KEY_UISupportedInterfaceOrientations_iPhone = "UIInterfaceOrientationPortrait UIInterfaceOrientationLandscapeLeft UIInterfaceOrientationLandscapeRight";
				IPHONEOS_DEPLOYMENT_TARGET = 16.0;
				LD_RUNPATH_SEARCH_PATHS = "@executable_path/Frameworks";
				"LD_RUNPATH_SEARCH_PATHS[sdk=macosx*]" = "@executable_path/../Frameworks";
				MACOSX_DEPLOYMENT_TARGET = 12.3;
				MARKETING_VERSION = 1.0;
				PRODUCT_BUNDLE_IDENTIFIER = p2.challenge3;
				PRODUCT_NAME = "$(TARGET_NAME)";
				SDKROOT = auto;
				SUPPORTED_PLATFORMS = "iphoneos iphonesimulator macosx";
				SWIFT_EMIT_LOC_STRINGS = YES;
				SWIFT_VERSION = 5.0;
				TARGETED_DEVICE_FAMILY = "1,2";
			};
			name = Release;
		};
		14ACD6B9296AC0E000625682 /* Debug */ = {
			isa = XCBuildConfiguration;
			buildSettings = {
				ALWAYS_EMBED_SWIFT_STANDARD_LIBRARIES = YES;
				BUNDLE_LOADER = "$(TEST_HOST)";
				CODE_SIGN_STYLE = Automatic;
				CURRENT_PROJECT_VERSION = 1;
				GENERATE_INFOPLIST_FILE = YES;
				IPHONEOS_DEPLOYMENT_TARGET = 16.0;
				MACOSX_DEPLOYMENT_TARGET = 12.3;
				MARKETING_VERSION = 1.0;
				PRODUCT_BUNDLE_IDENTIFIER = p2.challenge3Tests;
				PRODUCT_NAME = "$(TARGET_NAME)";
				SDKROOT = auto;
				SUPPORTED_PLATFORMS = "iphoneos iphonesimulator macosx";
				SWIFT_EMIT_LOC_STRINGS = NO;
				SWIFT_VERSION = 5.0;
				TARGETED_DEVICE_FAMILY = "1,2";
				TEST_HOST = "$(BUILT_PRODUCTS_DIR)/challenge3.app/$(BUNDLE_EXECUTABLE_FOLDER_PATH)/challenge3";
			};
			name = Debug;
		};
		14ACD6BA296AC0E000625682 /* Release */ = {
			isa = XCBuildConfiguration;
			buildSettings = {
				ALWAYS_EMBED_SWIFT_STANDARD_LIBRARIES = YES;
				BUNDLE_LOADER = "$(TEST_HOST)";
				CODE_SIGN_STYLE = Automatic;
				CURRENT_PROJECT_VERSION = 1;
				GENERATE_INFOPLIST_FILE = YES;
				IPHONEOS_DEPLOYMENT_TARGET = 16.0;
				MACOSX_DEPLOYMENT_TARGET = 12.3;
				MARKETING_VERSION = 1.0;
				PRODUCT_BUNDLE_IDENTIFIER = p2.challenge3Tests;
				PRODUCT_NAME = "$(TARGET_NAME)";
				SDKROOT = auto;
				SUPPORTED_PLATFORMS = "iphoneos iphonesimulator macosx";
				SWIFT_EMIT_LOC_STRINGS = NO;
				SWIFT_VERSION = 5.0;
				TARGETED_DEVICE_FAMILY = "1,2";
				TEST_HOST = "$(BUILT_PRODUCTS_DIR)/challenge3.app/$(BUNDLE_EXECUTABLE_FOLDER_PATH)/challenge3";
			};
			name = Release;
		};
		14ACD6BC296AC0E000625682 /* Debug */ = {
			isa = XCBuildConfiguration;
			buildSettings = {
				ALWAYS_EMBED_SWIFT_STANDARD_LIBRARIES = YES;
				CODE_SIGN_STYLE = Automatic;
				CURRENT_PROJECT_VERSION = 1;
				DEVELOPMENT_TEAM = L865KSWK74;
				GENERATE_INFOPLIST_FILE = YES;
				IPHONEOS_DEPLOYMENT_TARGET = 16.0;
				MACOSX_DEPLOYMENT_TARGET = 12.3;
				MARKETING_VERSION = 1.0;
				PRODUCT_BUNDLE_IDENTIFIER = p2.challenge3UITests;
				PRODUCT_NAME = "$(TARGET_NAME)";
				SDKROOT = auto;
				SUPPORTED_PLATFORMS = "iphoneos iphonesimulator macosx";
				SWIFT_EMIT_LOC_STRINGS = NO;
				SWIFT_VERSION = 5.0;
				TARGETED_DEVICE_FAMILY = "1,2";
				TEST_TARGET_NAME = challenge3;
			};
			name = Debug;
		};
		14ACD6BD296AC0E000625682 /* Release */ = {
			isa = XCBuildConfiguration;
			buildSettings = {
				ALWAYS_EMBED_SWIFT_STANDARD_LIBRARIES = YES;
				CODE_SIGN_STYLE = Automatic;
				CURRENT_PROJECT_VERSION = 1;
				DEVELOPMENT_TEAM = L865KSWK74;
				GENERATE_INFOPLIST_FILE = YES;
				IPHONEOS_DEPLOYMENT_TARGET = 16.0;
				MACOSX_DEPLOYMENT_TARGET = 12.3;
				MARKETING_VERSION = 1.0;
				PRODUCT_BUNDLE_IDENTIFIER = p2.challenge3UITests;
				PRODUCT_NAME = "$(TARGET_NAME)";
				SDKROOT = auto;
				SUPPORTED_PLATFORMS = "iphoneos iphonesimulator macosx";
				SWIFT_EMIT_LOC_STRINGS = NO;
				SWIFT_VERSION = 5.0;
				TARGETED_DEVICE_FAMILY = "1,2";
				TEST_TARGET_NAME = challenge3;
			};
			name = Release;
		};
/* End XCBuildConfiguration section */

/* Begin XCConfigurationList section */
		14ACD68B296AC0DF00625682 /* Build configuration list for PBXProject "challenge3" */ = {
			isa = XCConfigurationList;
			buildConfigurations = (
				14ACD6B3296AC0E000625682 /* Debug */,
				14ACD6B4296AC0E000625682 /* Release */,
			);
			defaultConfigurationIsVisible = 0;
			defaultConfigurationName = Release;
		};
		14ACD6B5296AC0E000625682 /* Build configuration list for PBXNativeTarget "challenge3" */ = {
			isa = XCConfigurationList;
			buildConfigurations = (
				14ACD6B6296AC0E000625682 /* Debug */,
				14ACD6B7296AC0E000625682 /* Release */,
			);
			defaultConfigurationIsVisible = 0;
			defaultConfigurationName = Release;
		};
		14ACD6B8296AC0E000625682 /* Build configuration list for PBXNativeTarget "challenge3Tests" */ = {
			isa = XCConfigurationList;
			buildConfigurations = (
				14ACD6B9296AC0E000625682 /* Debug */,
				14ACD6BA296AC0E000625682 /* Release */,
			);
			defaultConfigurationIsVisible = 0;
			defaultConfigurationName = Release;
		};
		14ACD6BB296AC0E000625682 /* Build configuration list for PBXNativeTarget "challenge3UITests" */ = {
			isa = XCConfigurationList;
			buildConfigurations = (
				14ACD6BC296AC0E000625682 /* Debug */,
				14ACD6BD296AC0E000625682 /* Release */,
			);
			defaultConfigurationIsVisible = 0;
			defaultConfigurationName = Release;
		};
/* End XCConfigurationList section */

/* Begin XCRemoteSwiftPackageReference section */
		14ACD6CE296C3EEA00625682 /* XCRemoteSwiftPackageReference "SwiftUIMargin" */ = {
			isa = XCRemoteSwiftPackageReference;
			repositoryURL = "https://github.com/karamage/SwiftUIMargin.git";
			requirement = {
				branch = main;
				kind = branch;
			};
		};
/* End XCRemoteSwiftPackageReference section */

/* Begin XCSwiftPackageProductDependency section */
		14ACD6CF296C3EEA00625682 /* SwiftUIMargin */ = {
			isa = XCSwiftPackageProductDependency;
			package = 14ACD6CE296C3EEA00625682 /* XCRemoteSwiftPackageReference "SwiftUIMargin" */;
			productName = SwiftUIMargin;
		};
/* End XCSwiftPackageProductDependency section */
	};
	rootObject = 14ACD688296AC0DF00625682 /* Project object */;
}
